
Microsoft Visual Studio Solution File, Format Version 12.00
# Visual Studio Version 16
VisualStudioVersion = 16.0.32602.291
MinimumVisualStudioVersion = 10.0.40219.1
Project("{FAE04EC0-301F-11D3-BF4B-00C04F79EFBC}") = "MovieApi", "MovieApi\MovieApi.csproj", "{0F52C744-CC74-4495-98CB-CFED4304417D}"
EndProject
Global
	GlobalSection(SolutionConfigurationPlatforms) = preSolution
		Debug|Any CPU = Debug|Any CPU
		Release|Any CPU = Release|Any CPU
	EndGlobalSection
	GlobalSection(ProjectConfigurationPlatforms) = postSolution
		{0F52C744-CC74-4495-98CB-CFED4304417D}.Debug|Any CPU.ActiveCfg = Debug|Any CPU
		{0F52C744-CC74-4495-98CB-CFED4304417D}.Debug|Any CPU.Build.0 = Debug|Any CPU
		{0F52C744-CC74-4495-98CB-CFED4304417D}.Release|Any CPU.ActiveCfg = Release|Any CPU
		{0F52C744-CC74-4495-98CB-CFED4304417D}.Release|Any CPU.Build.0 = Release|Any CPU
	EndGlobalSection
	GlobalSection(SolutionProperties) = preSolution
		HideSolutionNode = FALSE
	EndGlobalSection
	GlobalSection(ExtensibilityGlobals) = postSolution
		SolutionGuid = {34C7601C-024F-4DC3-A8B7-D2A687ECBB86}
	EndGlobalSection
EndGlobal
